
Microsoft Visual Studio Solution File, Format Version 12.00
# Visual Studio Version 16
VisualStudioVersion = 16.0.31313.79
MinimumVisualStudioVersion = 10.0.40219.1
Project("{2150E333-8FDC-42A3-9474-1A3956D46DE8}") = "src", "src", "{AEDCB4C0-D117-45E6-BE13-7070840F18FF}"
EndProject
Project("{2150E333-8FDC-42A3-9474-1A3956D46DE8}") = "tests", "tests", "{C79ED908-A6A3-4FA6-B286-EF9A65D70407}"
EndProject
Project("{2150E333-8FDC-42A3-9474-1A3956D46DE8}") = "API", "API", "{BD67D502-B52A-4D5E-8184-B2FDAA27EE7D}"
EndProject
Project("{2150E333-8FDC-42A3-9474-1A3956D46DE8}") = "Infrastructure", "Infrastructure", "{011DD291-2986-42AF-BC03-D3F09441F8AB}"
EndProject
Project("{2150E333-8FDC-42A3-9474-1A3956D46DE8}") = "Core", "Core", "{2D160326-00D5-4CB3-A34C-E4AB3D31AF68}"
EndProject
Project("{9A19103F-16F7-4668-BE54-9A1E7A4F7556}") = "Disney.Domain", "Disney.Domain\Disney.Domain.csproj", "{766E3A11-FB71-45A2-ACFA-E3DFE7D348AF}"
EndProject
Project("{9A19103F-16F7-4668-BE54-9A1E7A4F7556}") = "Disney.Application", "Disney.Application\Disney.Application.csproj", "{03BC2389-0218-40EA-969A-915BA637AE3C}"
EndProject
Project("{9A19103F-16F7-4668-BE54-9A1E7A4F7556}") = "Disney.Persistence", "Disney.Persistence\Disney.Persistence.csproj", "{B3187183-36F5-42BA-80D6-DBEC24F88831}"
EndProject
Project("{9A19103F-16F7-4668-BE54-9A1E7A4F7556}") = "Disney.Api", "Disney.Api\Disney.Api.csproj", "{7FE6445D-D541-42CC-AC92-BFE6C5BC819C}"
EndProject
Project("{9A19103F-16F7-4668-BE54-9A1E7A4F7556}") = "Disney.Identity", "Disney.Identity\Disney.Identity.csproj", "{F82FDD62-1737-42D2-AA69-A81710CAB431}"
EndProject
Project("{FAE04EC0-301F-11D3-BF4B-00C04F79EFBC}") = "Disney.Infrastructure", "Disney.Infrastructure\Disney.Infrastructure.csproj", "{8713CC66-09BD-46BA-8723-5AF1B19D6535}"
EndProject
Global
	GlobalSection(SolutionConfigurationPlatforms) = preSolution
		Debug|Any CPU = Debug|Any CPU
		Release|Any CPU = Release|Any CPU
	EndGlobalSection
	GlobalSection(ProjectConfigurationPlatforms) = postSolution
		{766E3A11-FB71-45A2-ACFA-E3DFE7D348AF}.Debug|Any CPU.ActiveCfg = Debug|Any CPU
		{766E3A11-FB71-45A2-ACFA-E3DFE7D348AF}.Debug|Any CPU.Build.0 = Debug|Any CPU
		{766E3A11-FB71-45A2-ACFA-E3DFE7D348AF}.Release|Any CPU.ActiveCfg = Release|Any CPU
		{766E3A11-FB71-45A2-ACFA-E3DFE7D348AF}.Release|Any CPU.Build.0 = Release|Any CPU
		{03BC2389-0218-40EA-969A-915BA637AE3C}.Debug|Any CPU.ActiveCfg = Debug|Any CPU
		{03BC2389-0218-40EA-969A-915BA637AE3C}.Debug|Any CPU.Build.0 = Debug|Any CPU
		{03BC2389-0218-40EA-969A-915BA637AE3C}.Release|Any CPU.ActiveCfg = Release|Any CPU
		{03BC2389-0218-40EA-969A-915BA637AE3C}.Release|Any CPU.Build.0 = Release|Any CPU
		{B3187183-36F5-42BA-80D6-DBEC24F88831}.Debug|Any CPU.ActiveCfg = Debug|Any CPU
		{B3187183-36F5-42BA-80D6-DBEC24F88831}.Debug|Any CPU.Build.0 = Debug|Any CPU
		{B3187183-36F5-42BA-80D6-DBEC24F88831}.Release|Any CPU.ActiveCfg = Release|Any CPU
		{B3187183-36F5-42BA-80D6-DBEC24F88831}.Release|Any CPU.Build.0 = Release|Any CPU
		{7FE6445D-D541-42CC-AC92-BFE6C5BC819C}.Debug|Any CPU.ActiveCfg = Debug|Any CPU
		{7FE6445D-D541-42CC-AC92-BFE6C5BC819C}.Debug|Any CPU.Build.0 = Debug|Any CPU
		{7FE6445D-D541-42CC-AC92-BFE6C5BC819C}.Release|Any CPU.ActiveCfg = Release|Any CPU
		{7FE6445D-D541-42CC-AC92-BFE6C5BC819C}.Release|Any CPU.Build.0 = Release|Any CPU
		{F82FDD62-1737-42D2-AA69-A81710CAB431}.Debug|Any CPU.ActiveCfg = Debug|Any CPU
		{F82FDD62-1737-42D2-AA69-A81710CAB431}.Debug|Any CPU.Build.0 = Debug|Any CPU
		{F82FDD62-1737-42D2-AA69-A81710CAB431}.Release|Any CPU.ActiveCfg = Release|Any CPU
		{F82FDD62-1737-42D2-AA69-A81710CAB431}.Release|Any CPU.Build.0 = Release|Any CPU
		{8713CC66-09BD-46BA-8723-5AF1B19D6535}.Debug|Any CPU.ActiveCfg = Debug|Any CPU
		{8713CC66-09BD-46BA-8723-5AF1B19D6535}.Debug|Any CPU.Build.0 = Debug|Any CPU
		{8713CC66-09BD-46BA-8723-5AF1B19D6535}.Release|Any CPU.ActiveCfg = Release|Any CPU
		{8713CC66-09BD-46BA-8723-5AF1B19D6535}.Release|Any CPU.Build.0 = Release|Any CPU
	EndGlobalSection
	GlobalSection(SolutionProperties) = preSolution
		HideSolutionNode = FALSE
	EndGlobalSection
	GlobalSection(NestedProjects) = preSolution
		{BD67D502-B52A-4D5E-8184-B2FDAA27EE7D} = {AEDCB4C0-D117-45E6-BE13-7070840F18FF}
		{011DD291-2986-42AF-BC03-D3F09441F8AB} = {AEDCB4C0-D117-45E6-BE13-7070840F18FF}
		{2D160326-00D5-4CB3-A34C-E4AB3D31AF68} = {AEDCB4C0-D117-45E6-BE13-7070840F18FF}
		{766E3A11-FB71-45A2-ACFA-E3DFE7D348AF} = {2D160326-00D5-4CB3-A34C-E4AB3D31AF68}
		{03BC2389-0218-40EA-969A-915BA637AE3C} = {2D160326-00D5-4CB3-A34C-E4AB3D31AF68}
		{B3187183-36F5-42BA-80D6-DBEC24F88831} = {011DD291-2986-42AF-BC03-D3F09441F8AB}
		{7FE6445D-D541-42CC-AC92-BFE6C5BC819C} = {BD67D502-B52A-4D5E-8184-B2FDAA27EE7D}
		{F82FDD62-1737-42D2-AA69-A81710CAB431} = {011DD291-2986-42AF-BC03-D3F09441F8AB}
		{8713CC66-09BD-46BA-8723-5AF1B19D6535} = {011DD291-2986-42AF-BC03-D3F09441F8AB}
	EndGlobalSection
	GlobalSection(ExtensibilityGlobals) = postSolution
		SolutionGuid = {E5188887-53A9-4849-B41F-5FCD188B63F3}
	EndGlobalSection
EndGlobal
